
Microsoft Visual Studio Solution File, Format Version 12.00
# Visual Studio Version 16
VisualStudioVersion = 16.0.31729.503
MinimumVisualStudioVersion = 10.0.40219.1
Project("{FAE04EC0-301F-11D3-BF4B-00C04F79EFBC}") = "WORK3", "WORK3\WORK3.csproj", "{A785F234-246C-4AA2-9A41-B3D83F0F4E25}"
EndProject
Global
	GlobalSection(SolutionConfigurationPlatforms) = preSolution
		Debug|Any CPU = Debug|Any CPU
		Release|Any CPU = Release|Any CPU
	EndGlobalSection
	GlobalSection(ProjectConfigurationPlatforms) = postSolution
		{A785F234-246C-4AA2-9A41-B3D83F0F4E25}.Debug|Any CPU.ActiveCfg = Debug|Any CPU
		{A785F234-246C-4AA2-9A41-B3D83F0F4E25}.Debug|Any CPU.Build.0 = Debug|Any CPU
		{A785F234-246C-4AA2-9A41-B3D83F0F4E25}.Release|Any CPU.ActiveCfg = Release|Any CPU
		{A785F234-246C-4AA2-9A41-B3D83F0F4E25}.Release|Any CPU.Build.0 = Release|Any CPU
	EndGlobalSection
	GlobalSection(SolutionProperties) = preSolution
		HideSolutionNode = FALSE
	EndGlobalSection
	GlobalSection(ExtensibilityGlobals) = postSolution
		SolutionGuid = {3C5CF216-0577-4C9C-A4A2-2B84256BC35D}
	EndGlobalSection
EndGlobal
